
Microsoft Visual Studio Solution File, Format Version 12.00
# Visual Studio 15
VisualStudioVersion = 15.0.26430.6
MinimumVisualStudioVersion = 10.0.40219.1
Project("{FAE04EC0-301F-11D3-BF4B-00C04F79EFBC}") = "nongsanxanh", "nongsanxanh\nongsanxanh.csproj", "{B6D79704-25B7-443F-BA81-5FA986DADC11}"
EndProject
Project("{FAE04EC0-301F-11D3-BF4B-00C04F79EFBC}") = "Bussiness", "Bussiness\Bussiness.csproj", "{BBE429C5-267F-489B-BB66-8913419178DD}"
EndProject
Project("{FAE04EC0-301F-11D3-BF4B-00C04F79EFBC}") = "DataAccess", "DataAccess\DataAccess.csproj", "{92DF926B-F45A-4EAB-A1FF-E06BAB686743}"
EndProject
Project("{FAE04EC0-301F-11D3-BF4B-00C04F79EFBC}") = "NSX_Common", "NSX_Common\NSX_Common.csproj", "{386BB7D1-96A8-420E-88C1-5B3D8DFBE9D5}"
EndProject
Global
	GlobalSection(SolutionConfigurationPlatforms) = preSolution
		Debug|Any CPU = Debug|Any CPU
		Release|Any CPU = Release|Any CPU
	EndGlobalSection
	GlobalSection(ProjectConfigurationPlatforms) = postSolution
		{B6D79704-25B7-443F-BA81-5FA986DADC11}.Debug|Any CPU.ActiveCfg = Debug|Any CPU
		{B6D79704-25B7-443F-BA81-5FA986DADC11}.Debug|Any CPU.Build.0 = Debug|Any CPU
		{B6D79704-25B7-443F-BA81-5FA986DADC11}.Release|Any CPU.ActiveCfg = Release|Any CPU
		{B6D79704-25B7-443F-BA81-5FA986DADC11}.Release|Any CPU.Build.0 = Release|Any CPU
		{BBE429C5-267F-489B-BB66-8913419178DD}.Debug|Any CPU.ActiveCfg = Debug|Any CPU
		{BBE429C5-267F-489B-BB66-8913419178DD}.Debug|Any CPU.Build.0 = Debug|Any CPU
		{BBE429C5-267F-489B-BB66-8913419178DD}.Release|Any CPU.ActiveCfg = Release|Any CPU
		{BBE429C5-267F-489B-BB66-8913419178DD}.Release|Any CPU.Build.0 = Release|Any CPU
		{92DF926B-F45A-4EAB-A1FF-E06BAB686743}.Debug|Any CPU.ActiveCfg = Debug|Any CPU
		{92DF926B-F45A-4EAB-A1FF-E06BAB686743}.Debug|Any CPU.Build.0 = Debug|Any CPU
		{92DF926B-F45A-4EAB-A1FF-E06BAB686743}.Release|Any CPU.ActiveCfg = Release|Any CPU
		{92DF926B-F45A-4EAB-A1FF-E06BAB686743}.Release|Any CPU.Build.0 = Release|Any CPU
		{386BB7D1-96A8-420E-88C1-5B3D8DFBE9D5}.Debug|Any CPU.ActiveCfg = Debug|Any CPU
		{386BB7D1-96A8-420E-88C1-5B3D8DFBE9D5}.Debug|Any CPU.Build.0 = Debug|Any CPU
		{386BB7D1-96A8-420E-88C1-5B3D8DFBE9D5}.Release|Any CPU.ActiveCfg = Release|Any CPU
		{386BB7D1-96A8-420E-88C1-5B3D8DFBE9D5}.Release|Any CPU.Build.0 = Release|Any CPU
	EndGlobalSection
	GlobalSection(SolutionProperties) = preSolution
		HideSolutionNode = FALSE
	EndGlobalSection
EndGlobal
